
Microsoft Visual Studio Solution File, Format Version 12.00
# Visual Studio Version 16
VisualStudioVersion = 16.0.31410.357
MinimumVisualStudioVersion = 10.0.40219.1
Project("{FAE04EC0-301F-11D3-BF4B-00C04F79EFBC}") = "FizzBuzz", "FizzBuzz\FizzBuzz.csproj", "{37C5130D-0BBC-4AA3-880E-565BEE12BD49}"
EndProject
Global
	GlobalSection(SolutionConfigurationPlatforms) = preSolution
		Debug|Any CPU = Debug|Any CPU
		Release|Any CPU = Release|Any CPU
	EndGlobalSection
	GlobalSection(ProjectConfigurationPlatforms) = postSolution
		{37C5130D-0BBC-4AA3-880E-565BEE12BD49}.Debug|Any CPU.ActiveCfg = Debug|Any CPU
		{37C5130D-0BBC-4AA3-880E-565BEE12BD49}.Debug|Any CPU.Build.0 = Debug|Any CPU
		{37C5130D-0BBC-4AA3-880E-565BEE12BD49}.Release|Any CPU.ActiveCfg = Release|Any CPU
		{37C5130D-0BBC-4AA3-880E-565BEE12BD49}.Release|Any CPU.Build.0 = Release|Any CPU
	EndGlobalSection
	GlobalSection(SolutionProperties) = preSolution
		HideSolutionNode = FALSE
	EndGlobalSection
	GlobalSection(ExtensibilityGlobals) = postSolution
		SolutionGuid = {FDD70266-CE61-407F-BC25-E29C41A0A684}
	EndGlobalSection
EndGlobal
